// !$*UTF8*$!
{
	archiveVersion = 1;
	classes = {
	};
	objectVersion = 46;
	objects = {

/* Begin PBXBuildFile section */
		D21061AF1BEA220100470152 /* MemeTableViewCell.swift in Sources */ = {isa = PBXBuildFile; fileRef = D21061AE1BEA220100470152 /* MemeTableViewCell.swift */; };
		D2736C741BE656BB00BE207E /* MemeTableViewController.swift in Sources */ = {isa = PBXBuildFile; fileRef = D2736C731BE656BB00BE207E /* MemeTableViewController.swift */; };
		D2736C761BE656D000BE207E /* MemeCollectionViewController.swift in Sources */ = {isa = PBXBuildFile; fileRef = D2736C751BE656D000BE207E /* MemeCollectionViewController.swift */; };
		D284C5B41BE88892008821FB /* MemeDetailViewController.swift in Sources */ = {isa = PBXBuildFile; fileRef = D284C5B31BE88892008821FB /* MemeDetailViewController.swift */; };
		D284C5B61BE8A0D9008821FB /* MemeCollectionViewCell.swift in Sources */ = {isa = PBXBuildFile; fileRef = D284C5B51BE8A0D9008821FB /* MemeCollectionViewCell.swift */; };
		D2955FDB1BD51DA200D7EDFB /* AppDelegate.swift in Sources */ = {isa = PBXBuildFile; fileRef = D2955FDA1BD51DA200D7EDFB /* AppDelegate.swift */; };
		D2955FDD1BD51DA200D7EDFB /* MemeEditorViewController.swift in Sources */ = {isa = PBXBuildFile; fileRef = D2955FDC1BD51DA200D7EDFB /* MemeEditorViewController.swift */; };
		D2955FE01BD51DA200D7EDFB /* Main.storyboard in Resources */ = {isa = PBXBuildFile; fileRef = D2955FDE1BD51DA200D7EDFB /* Main.storyboard */; };
		D2955FE21BD51DA200D7EDFB /* Assets.xcassets in Resources */ = {isa = PBXBuildFile; fileRef = D2955FE11BD51DA200D7EDFB /* Assets.xcassets */; };
		D2955FE51BD51DA200D7EDFB /* LaunchScreen.storyboard in Resources */ = {isa = PBXBuildFile; fileRef = D2955FE31BD51DA200D7EDFB /* LaunchScreen.storyboard */; };
		D2955FF01BD51DA300D7EDFB /* MemeMeTests.swift in Sources */ = {isa = PBXBuildFile; fileRef = D2955FEF1BD51DA300D7EDFB /* MemeMeTests.swift */; };
		D2955FFB1BD51DA300D7EDFB /* MemeMeUITests.swift in Sources */ = {isa = PBXBuildFile; fileRef = D2955FFA1BD51DA300D7EDFB /* MemeMeUITests.swift */; };
		D297DFB01C37BA30006B8323 /* CoreDataStackManager.swift in Sources */ = {isa = PBXBuildFile; fileRef = D297DFAF1C37BA30006B8323 /* CoreDataStackManager.swift */; };
		D297DFB31C37DE38006B8323 /* Model.xcdatamodeld in Sources */ = {isa = PBXBuildFile; fileRef = D297DFB11C37DE38006B8323 /* Model.xcdatamodeld */; };
		D2DBD1DA1BE2761100CA7EFF /* Meme.swift in Sources */ = {isa = PBXBuildFile; fileRef = D2DBD1D91BE2761100CA7EFF /* Meme.swift */; };
/* End PBXBuildFile section */

/* Begin PBXContainerItemProxy section */
		D2955FEC1BD51DA300D7EDFB /* PBXContainerItemProxy */ = {
			isa = PBXContainerItemProxy;
			containerPortal = D2955FCF1BD51DA200D7EDFB /* Project object */;
			proxyType = 1;
			remoteGlobalIDString = D2955FD61BD51DA200D7EDFB;
			remoteInfo = MemeMe;
		};
		D2955FF71BD51DA300D7EDFB /* PBXContainerItemProxy */ = {
			isa = PBXContainerItemProxy;
			containerPortal = D2955FCF1BD51DA200D7EDFB /* Project object */;
			proxyType = 1;
			remoteGlobalIDString = D2955FD61BD51DA200D7EDFB;
			remoteInfo = MemeMe;
		};
/* End PBXContainerItemProxy section */

/* Begin PBXFileReference section */
		D21061AE1BEA220100470152 /* MemeTableViewCell.swift */ = {isa = PBXFileReference; fileEncoding = 4; lastKnownFileType = sourcecode.swift; path = MemeTableViewCell.swift; sourceTree = "<group>"; };
		D2736C731BE656BB00BE207E /* MemeTableViewController.swift */ = {isa = PBXFileReference; fileEncoding = 4; lastKnownFileType = sourcecode.swift; path = MemeTableViewController.swift; sourceTree = "<group>"; };
		D2736C751BE656D000BE207E /* MemeCollectionViewController.swift */ = {isa = PBXFileReference; fileEncoding = 4; lastKnownFileType = sourcecode.swift; path = MemeCollectionViewController.swift; sourceTree = "<group>"; };
		D284C5B31BE88892008821FB /* MemeDetailViewController.swift */ = {isa = PBXFileReference; fileEncoding = 4; lastKnownFileType = sourcecode.swift; path = MemeDetailViewController.swift; sourceTree = "<group>"; };
		D284C5B51BE8A0D9008821FB /* MemeCollectionViewCell.swift */ = {isa = PBXFileReference; fileEncoding = 4; lastKnownFileType = sourcecode.swift; path = MemeCollectionViewCell.swift; sourceTree = "<group>"; };
		D2955FD71BD51DA200D7EDFB /* MemeMe.app */ = {isa = PBXFileReference; explicitFileType = wrapper.application; includeInIndex = 0; path = MemeMe.app; sourceTree = BUILT_PRODUCTS_DIR; };
		D2955FDA1BD51DA200D7EDFB /* AppDelegate.swift */ = {isa = PBXFileReference; lastKnownFileType = sourcecode.swift; path = AppDelegate.swift; sourceTree = "<group>"; };
		D2955FDC1BD51DA200D7EDFB /* MemeEditorViewController.swift */ = {isa = PBXFileReference; lastKnownFileType = sourcecode.swift; path = MemeEditorViewController.swift; sourceTree = "<group>"; };
		D2955FDF1BD51DA200D7EDFB /* Base */ = {isa = PBXFileReference; lastKnownFileType = file.storyboard; name = Base; path = Base.lproj/Main.storyboard; sourceTree = "<group>"; };
		D2955FE11BD51DA200D7EDFB /* Assets.xcassets */ = {isa = PBXFileReference; lastKnownFileType = folder.assetcatalog; path = Assets.xcassets; sourceTree = "<group>"; };
		D2955FE41BD51DA200D7EDFB /* Base */ = {isa = PBXFileReference; lastKnownFileType = file.storyboard; name = Base; path = Base.lproj/LaunchScreen.storyboard; sourceTree = "<group>"; };
		D2955FE61BD51DA200D7EDFB /* Info.plist */ = {isa = PBXFileReference; lastKnownFileType = text.plist.xml; path = Info.plist; sourceTree = "<group>"; };
		D2955FEB1BD51DA300D7EDFB /* MemeMeTests.xctest */ = {isa = PBXFileReference; explicitFileType = wrapper.cfbundle; includeInIndex = 0; path = MemeMeTests.xctest; sourceTree = BUILT_PRODUCTS_DIR; };
		D2955FEF1BD51DA300D7EDFB /* MemeMeTests.swift */ = {isa = PBXFileReference; lastKnownFileType = sourcecode.swift; path = MemeMeTests.swift; sourceTree = "<group>"; };
		D2955FF11BD51DA300D7EDFB /* Info.plist */ = {isa = PBXFileReference; lastKnownFileType = text.plist.xml; path = Info.plist; sourceTree = "<group>"; };
		D2955FF61BD51DA300D7EDFB /* MemeMeUITests.xctest */ = {isa = PBXFileReference; explicitFileType = wrapper.cfbundle; includeInIndex = 0; path = MemeMeUITests.xctest; sourceTree = BUILT_PRODUCTS_DIR; };
		D2955FFA1BD51DA300D7EDFB /* MemeMeUITests.swift */ = {isa = PBXFileReference; lastKnownFileType = sourcecode.swift; path = MemeMeUITests.swift; sourceTree = "<group>"; };
		D2955FFC1BD51DA300D7EDFB /* Info.plist */ = {isa = PBXFileReference; lastKnownFileType = text.plist.xml; path = Info.plist; sourceTree = "<group>"; };
		D297DFAF1C37BA30006B8323 /* CoreDataStackManager.swift */ = {isa = PBXFileReference; fileEncoding = 4; lastKnownFileType = sourcecode.swift; path = CoreDataStackManager.swift; sourceTree = "<group>"; };
		D297DFB21C37DE38006B8323 /* Model.xcdatamodel */ = {isa = PBXFileReference; lastKnownFileType = wrapper.xcdatamodel; path = Model.xcdatamodel; sourceTree = "<group>"; };
		D2DBD1D91BE2761100CA7EFF /* Meme.swift */ = {isa = PBXFileReference; fileEncoding = 4; lastKnownFileType = sourcecode.swift; path = Meme.swift; sourceTree = "<group>"; };
/* End PBXFileReference section */

/* Begin PBXFrameworksBuildPhase section */
		D2955FD41BD51DA200D7EDFB /* Frameworks */ = {
			isa = PBXFrameworksBuildPhase;
			buildActionMask = 2147483647;
			files = (
			);
			runOnlyForDeploymentPostprocessing = 0;
		};
		D2955FE81BD51DA300D7EDFB /* Frameworks */ = {
			isa = PBXFrameworksBuildPhase;
			buildActionMask = 2147483647;
			files = (
			);
			runOnlyForDeploymentPostprocessing = 0;
		};
		D2955FF31BD51DA300D7EDFB /* Frameworks */ = {
			isa = PBXFrameworksBuildPhase;
			buildActionMask = 2147483647;
			files = (
			);
			runOnlyForDeploymentPostprocessing = 0;
		};
/* End PBXFrameworksBuildPhase section */

/* Begin PBXGroup section */
		D21061AB1BEA1C8B00470152 /* Controller */ = {
			isa = PBXGroup;
			children = (
				D2736C751BE656D000BE207E /* MemeCollectionViewController.swift */,
				D2736C731BE656BB00BE207E /* MemeTableViewController.swift */,
				D284C5B31BE88892008821FB /* MemeDetailViewController.swift */,
				D2955FDC1BD51DA200D7EDFB /* MemeEditorViewController.swift */,
			);
			name = Controller;
			sourceTree = "<group>";
		};
		D21061AC1BEA1C9700470152 /* View */ = {
			isa = PBXGroup;
			children = (
				D284C5B51BE8A0D9008821FB /* MemeCollectionViewCell.swift */,
				D21061AE1BEA220100470152 /* MemeTableViewCell.swift */,
			);
			name = View;
			sourceTree = "<group>";
		};
		D21061AD1BEA1C9E00470152 /* Model */ = {
			isa = PBXGroup;
			children = (
				D2DBD1D91BE2761100CA7EFF /* Meme.swift */,
				D297DFB11C37DE38006B8323 /* Model.xcdatamodeld */,
				D297DFAF1C37BA30006B8323 /* CoreDataStackManager.swift */,
			);
			name = Model;
			sourceTree = "<group>";
		};
		D2955FCE1BD51DA200D7EDFB = {
			isa = PBXGroup;
			children = (
				D2955FD91BD51DA200D7EDFB /* MemeMe */,
				D2955FEE1BD51DA300D7EDFB /* MemeMeTests */,
				D2955FF91BD51DA300D7EDFB /* MemeMeUITests */,
				D2955FD81BD51DA200D7EDFB /* Products */,
			);
			sourceTree = "<group>";
		};
		D2955FD81BD51DA200D7EDFB /* Products */ = {
			isa = PBXGroup;
			children = (
				D2955FD71BD51DA200D7EDFB /* MemeMe.app */,
				D2955FEB1BD51DA300D7EDFB /* MemeMeTests.xctest */,
				D2955FF61BD51DA300D7EDFB /* MemeMeUITests.xctest */,
			);
			name = Products;
			sourceTree = "<group>";
		};
		D2955FD91BD51DA200D7EDFB /* MemeMe */ = {
			isa = PBXGroup;
			children = (
				D21061AD1BEA1C9E00470152 /* Model */,
				D21061AC1BEA1C9700470152 /* View */,
				D21061AB1BEA1C8B00470152 /* Controller */,
				D2955FDA1BD51DA200D7EDFB /* AppDelegate.swift */,
				D2955FDE1BD51DA200D7EDFB /* Main.storyboard */,
				D2955FE11BD51DA200D7EDFB /* Assets.xcassets */,
				D2955FE31BD51DA200D7EDFB /* LaunchScreen.storyboard */,
				D2955FE61BD51DA200D7EDFB /* Info.plist */,
			);
			path = MemeMe;
			sourceTree = "<group>";
		};
		D2955FEE1BD51DA300D7EDFB /* MemeMeTests */ = {
			isa = PBXGroup;
			children = (
				D2955FEF1BD51DA300D7EDFB /* MemeMeTests.swift */,
				D2955FF11BD51DA300D7EDFB /* Info.plist */,
			);
			path = MemeMeTests;
			sourceTree = "<group>";
		};
		D2955FF91BD51DA300D7EDFB /* MemeMeUITests */ = {
			isa = PBXGroup;
			children = (
				D2955FFA1BD51DA300D7EDFB /* MemeMeUITests.swift */,
				D2955FFC1BD51DA300D7EDFB /* Info.plist */,
			);
			path = MemeMeUITests;
			sourceTree = "<group>";
		};
/* End PBXGroup section */

/* Begin PBXNativeTarget section */
		D2955FD61BD51DA200D7EDFB /* MemeMe */ = {
			isa = PBXNativeTarget;
			buildConfigurationList = D2955FFF1BD51DA300D7EDFB /* Build configuration list for PBXNativeTarget "MemeMe" */;
			buildPhases = (
				D2955FD31BD51DA200D7EDFB /* Sources */,
				D2955FD41BD51DA200D7EDFB /* Frameworks */,
				D2955FD51BD51DA200D7EDFB /* Resources */,
			);
			buildRules = (
			);
			dependencies = (
			);
			name = MemeMe;
			productName = MemeMe;
			productReference = D2955FD71BD51DA200D7EDFB /* MemeMe.app */;
			productType = "com.apple.product-type.application";
		};
		D2955FEA1BD51DA300D7EDFB /* MemeMeTests */ = {
			isa = PBXNativeTarget;
			buildConfigurationList = D29560021BD51DA300D7EDFB /* Build configuration list for PBXNativeTarget "MemeMeTests" */;
			buildPhases = (
				D2955FE71BD51DA300D7EDFB /* Sources */,
				D2955FE81BD51DA300D7EDFB /* Frameworks */,
				D2955FE91BD51DA300D7EDFB /* Resources */,
			);
			buildRules = (
			);
			dependencies = (
				D2955FED1BD51DA300D7EDFB /* PBXTargetDependency */,
			);
			name = MemeMeTests;
			productName = MemeMeTests;
			productReference = D2955FEB1BD51DA300D7EDFB /* MemeMeTests.xctest */;
			productType = "com.apple.product-type.bundle.unit-test";
		};
		D2955FF51BD51DA300D7EDFB /* MemeMeUITests */ = {
			isa = PBXNativeTarget;
			buildConfigurationList = D29560051BD51DA300D7EDFB /* Build configuration list for PBXNativeTarget "MemeMeUITests" */;
			buildPhases = (
				D2955FF21BD51DA300D7EDFB /* Sources */,
				D2955FF31BD51DA300D7EDFB /* Frameworks */,
				D2955FF41BD51DA300D7EDFB /* Resources */,
			);
			buildRules = (
			);
			dependencies = (
				D2955FF81BD51DA300D7EDFB /* PBXTargetDependency */,
			);
			name = MemeMeUITests;
			productName = MemeMeUITests;
			productReference = D2955FF61BD51DA300D7EDFB /* MemeMeUITests.xctest */;
			productType = "com.apple.product-type.bundle.ui-testing";
		};
/* End PBXNativeTarget section */

/* Begin PBXProject section */
		D2955FCF1BD51DA200D7EDFB /* Project object */ = {
			isa = PBXProject;
			attributes = {
				LastUpgradeCheck = 0700;
				ORGANIZATIONNAME = wook2;
				TargetAttributes = {
					D2955FD61BD51DA200D7EDFB = {
						CreatedOnToolsVersion = 7.0.1;
						DevelopmentTeam = MFYH4C9VNG;
					};
					D2955FEA1BD51DA300D7EDFB = {
						CreatedOnToolsVersion = 7.0.1;
						TestTargetID = D2955FD61BD51DA200D7EDFB;
					};
					D2955FF51BD51DA300D7EDFB = {
						CreatedOnToolsVersion = 7.0.1;
						TestTargetID = D2955FD61BD51DA200D7EDFB;
					};
				};
			};
			buildConfigurationList = D2955FD21BD51DA200D7EDFB /* Build configuration list for PBXProject "MemeMe" */;
			compatibilityVersion = "Xcode 3.2";
			developmentRegion = English;
			hasScannedForEncodings = 0;
			knownRegions = (
				en,
				Base,
			);
			mainGroup = D2955FCE1BD51DA200D7EDFB;
			productRefGroup = D2955FD81BD51DA200D7EDFB /* Products */;
			projectDirPath = "";
			projectRoot = "";
			targets = (
				D2955FD61BD51DA200D7EDFB /* MemeMe */,
				D2955FEA1BD51DA300D7EDFB /* MemeMeTests */,
				D2955FF51BD51DA300D7EDFB /* MemeMeUITests */,
			);
		};
/* End PBXProject section */

/* Begin PBXResourcesBuildPhase section */
		D2955FD51BD51DA200D7EDFB /* Resources */ = {
			isa = PBXResourcesBuildPhase;
			buildActionMask = 2147483647;
			files = (
				D2955FE51BD51DA200D7EDFB /* LaunchScreen.storyboard in Resources */,
				D2955FE21BD51DA200D7EDFB /* Assets.xcassets in Resources */,
				D2955FE01BD51DA200D7EDFB /* Main.storyboard in Resources */,
			);
			runOnlyForDeploymentPostprocessing = 0;
		};
		D2955FE91BD51DA300D7EDFB /* Resources */ = {
			isa = PBXResourcesBuildPhase;
			buildActionMask = 2147483647;
			files = (
			);
			runOnlyForDeploymentPostprocessing = 0;
		};
		D2955FF41BD51DA300D7EDFB /* Resources */ = {
			isa = PBXResourcesBuildPhase;
			buildActionMask = 2147483647;
			files = (
			);
			runOnlyForDeploymentPostprocessing = 0;
		};
/* End PBXResourcesBuildPhase section */

/* Begin PBXSourcesBuildPhase section */
		D2955FD31BD51DA200D7EDFB /* Sources */ = {
			isa = PBXSourcesBuildPhase;
			buildActionMask = 2147483647;
			files = (
				D2DBD1DA1BE2761100CA7EFF /* Meme.swift in Sources */,
				D21061AF1BEA220100470152 /* MemeTableViewCell.swift in Sources */,
				D297DFB01C37BA30006B8323 /* CoreDataStackManager.swift in Sources */,
				D2955FDD1BD51DA200D7EDFB /* MemeEditorViewController.swift in Sources */,
				D2736C761BE656D000BE207E /* MemeCollectionViewController.swift in Sources */,
				D284C5B41BE88892008821FB /* MemeDetailViewController.swift in Sources */,
				D284C5B61BE8A0D9008821FB /* MemeCollectionViewCell.swift in Sources */,
				D297DFB31C37DE38006B8323 /* Model.xcdatamodeld in Sources */,
				D2955FDB1BD51DA200D7EDFB /* AppDelegate.swift in Sources */,
				D2736C741BE656BB00BE207E /* MemeTableViewController.swift in Sources */,
			);
			runOnlyForDeploymentPostprocessing = 0;
		};
		D2955FE71BD51DA300D7EDFB /* Sources */ = {
			isa = PBXSourcesBuildPhase;
			buildActionMask = 2147483647;
			files = (
				D2955FF01BD51DA300D7EDFB /* MemeMeTests.swift in Sources */,
			);
			runOnlyForDeploymentPostprocessing = 0;
		};
		D2955FF21BD51DA300D7EDFB /* Sources */ = {
			isa = PBXSourcesBuildPhase;
			buildActionMask = 2147483647;
			files = (
				D2955FFB1BD51DA300D7EDFB /* MemeMeUITests.swift in Sources */,
			);
			runOnlyForDeploymentPostprocessing = 0;
		};
/* End PBXSourcesBuildPhase section */

/* Begin PBXTargetDependency section */
		D2955FED1BD51DA300D7EDFB /* PBXTargetDependency */ = {
			isa = PBXTargetDependency;
			target = D2955FD61BD51DA200D7EDFB /* MemeMe */;
			targetProxy = D2955FEC1BD51DA300D7EDFB /* PBXContainerItemProxy */;
		};
		D2955FF81BD51DA300D7EDFB /* PBXTargetDependency */ = {
			isa = PBXTargetDependency;
			target = D2955FD61BD51DA200D7EDFB /* MemeMe */;
			targetProxy = D2955FF71BD51DA300D7EDFB /* PBXContainerItemProxy */;
		};
/* End PBXTargetDependency section */

/* Begin PBXVariantGroup section */
		D2955FDE1BD51DA200D7EDFB /* Main.storyboard */ = {
			isa = PBXVariantGroup;
			children = (
				D2955FDF1BD51DA200D7EDFB /* Base */,
			);
			name = Main.storyboard;
			sourceTree = "<group>";
		};
		D2955FE31BD51DA200D7EDFB /* LaunchScreen.storyboard */ = {
			isa = PBXVariantGroup;
			children = (
				D2955FE41BD51DA200D7EDFB /* Base */,
			);
			name = LaunchScreen.storyboard;
			sourceTree = "<group>";
		};
/* End PBXVariantGroup section */

/* Begin XCBuildConfiguration section */
		D2955FFD1BD51DA300D7EDFB /* Debug */ = {
			isa = XCBuildConfiguration;
			buildSettings = {
				ALWAYS_SEARCH_USER_PATHS = NO;
				CLANG_CXX_LANGUAGE_STANDARD = "gnu++0x";
				CLANG_CXX_LIBRARY = "libc++";
				CLANG_ENABLE_MODULES = YES;
				CLANG_ENABLE_OBJC_ARC = YES;
				CLANG_WARN_BOOL_CONVERSION = YES;
				CLANG_WARN_CONSTANT_CONVERSION = YES;
				CLANG_WARN_DIRECT_OBJC_ISA_USAGE = YES_ERROR;
				CLANG_WARN_EMPTY_BODY = YES;
				CLANG_WARN_ENUM_CONVERSION = YES;
				CLANG_WARN_INT_CONVERSION = YES;
				CLANG_WARN_OBJC_ROOT_CLASS = YES_ERROR;
				CLANG_WARN_UNREACHABLE_CODE = YES;
				CLANG_WARN__DUPLICATE_METHOD_MATCH = YES;
				"CODE_SIGN_IDENTITY[sdk=iphoneos*]" = "iPhone Developer";
				COPY_PHASE_STRIP = NO;
				DEBUG_INFORMATION_FORMAT = dwarf;
				ENABLE_STRICT_OBJC_MSGSEND = YES;
				ENABLE_TESTABILITY = YES;
				GCC_C_LANGUAGE_STANDARD = gnu99;
				GCC_DYNAMIC_NO_PIC = NO;
				GCC_NO_COMMON_BLOCKS = YES;
				GCC_OPTIMIZATION_LEVEL = 0;
				GCC_PREPROCESSOR_DEFINITIONS = (
					"DEBUG=1",
					"$(inherited)",
				);
				GCC_WARN_64_TO_32_BIT_CONVERSION = YES;
				GCC_WARN_ABOUT_RETURN_TYPE = YES_ERROR;
				GCC_WARN_UNDECLARED_SELECTOR = YES;
				GCC_WARN_UNINITIALIZED_AUTOS = YES_AGGRESSIVE;
				GCC_WARN_UNUSED_FUNCTION = YES;
				GCC_WARN_UNUSED_VARIABLE = YES;
				IPHONEOS_DEPLOYMENT_TARGET = 9.0;
				MTL_ENABLE_DEBUG_INFO = YES;
				ONLY_ACTIVE_ARCH = YES;
				SDKROOT = iphoneos;
				SWIFT_OPTIMIZATION_LEVEL = "-Onone";
			};
			name = Debug;
		};
		D2955FFE1BD51DA300D7EDFB /* Release */ = {
			isa = XCBuildConfiguration;
			buildSettings = {
				ALWAYS_SEARCH_USER_PATHS = NO;
				CLANG_CXX_LANGUAGE_STANDARD = "gnu++0x";
				CLANG_CXX_LIBRARY = "libc++";
				CLANG_ENABLE_MODULES = YES;
				CLANG_ENABLE_OBJC_ARC = YES;
				CLANG_WARN_BOOL_CONVERSION = YES;
				CLANG_WARN_CONSTANT_CONVERSION = YES;
				CLANG_WARN_DIRECT_OBJC_ISA_USAGE = YES_ERROR;
				CLANG_WARN_EMPTY_BODY = YES;
				CLANG_WARN_ENUM_CONVERSION = YES;
				CLANG_WARN_INT_CONVERSION = YES;
				CLANG_WARN_OBJC_ROOT_CLASS = YES_ERROR;
				CLANG_WARN_UNREACHABLE_CODE = YES;
				CLANG_WARN__DUPLICATE_METHOD_MATCH = YES;
				"CODE_SIGN_IDENTITY[sdk=iphoneos*]" = "iPhone Developer";
				COPY_PHASE_STRIP = NO;
				DEBUG_INFORMATION_FORMAT = "dwarf-with-dsym";
				ENABLE_NS_ASSERTIONS = NO;
				ENABLE_STRICT_OBJC_MSGSEND = YES;
				GCC_C_LANGUAGE_STANDARD = gnu99;
				GCC_NO_COMMON_BLOCKS = YES;
				GCC_WARN_64_TO_32_BIT_CONVERSION = YES;
				GCC_WARN_ABOUT_RETURN_TYPE = YES_ERROR;
				GCC_WARN_UNDECLARED_SELECTOR = YES;
				GCC_WARN_UNINITIALIZED_AUTOS = YES_AGGRESSIVE;
				GCC_WARN_UNUSED_FUNCTION = YES;
				GCC_WARN_UNUSED_VARIABLE = YES;
				IPHONEOS_DEPLOYMENT_TARGET = 9.0;
				MTL_ENABLE_DEBUG_INFO = NO;
				SDKROOT = iphoneos;
				VALIDATE_PRODUCT = YES;
			};
			name = Release;
		};
		D29560001BD51DA300D7EDFB /* Debug */ = {
			isa = XCBuildConfiguration;
			buildSettings = {
				ASSETCATALOG_COMPILER_APPICON_NAME = AppIcon;
				CODE_SIGN_IDENTITY = "iPhone Developer";
				"CODE_SIGN_IDENTITY[sdk=iphoneos*]" = "iPhone Developer";
				INFOPLIST_FILE = MemeMe/Info.plist;
				LD_RUNPATH_SEARCH_PATHS = "$(inherited) @executable_path/Frameworks";
				PRODUCT_BUNDLE_IDENTIFIER = com.wook2.MemeMe;
				PRODUCT_NAME = "$(TARGET_NAME)";
				PROVISIONING_PROFILE = "";
			};
			name = Debug;
		};
		D29560011BD51DA300D7EDFB /* Release */ = {
			isa = XCBuildConfiguration;
			buildSettings = {
				ASSETCATALOG_COMPILER_APPICON_NAME = AppIcon;
				CODE_SIGN_IDENTITY = "iPhone Developer";
				"CODE_SIGN_IDENTITY[sdk=iphoneos*]" = "iPhone Developer";
				INFOPLIST_FILE = MemeMe/Info.plist;
				LD_RUNPATH_SEARCH_PATHS = "$(inherited) @executable_path/Frameworks";
				PRODUCT_BUNDLE_IDENTIFIER = com.wook2.MemeMe;
				PRODUCT_NAME = "$(TARGET_NAME)";
				PROVISIONING_PROFILE = "";
			};
			name = Release;
		};
		D29560031BD51DA300D7EDFB /* Debug */ = {
			isa = XCBuildConfiguration;
			buildSettings = {
				BUNDLE_LOADER = "$(TEST_HOST)";
				INFOPLIST_FILE = MemeMeTests/Info.plist;
				LD_RUNPATH_SEARCH_PATHS = "$(inherited) @executable_path/Frameworks @loader_path/Frameworks";
				PRODUCT_BUNDLE_IDENTIFIER = com.wook2.MemeMeTests;
				PRODUCT_NAME = "$(TARGET_NAME)";
				TEST_HOST = "$(BUILT_PRODUCTS_DIR)/MemeMe.app/MemeMe";
			};
			name = Debug;
		};
		D29560041BD51DA300D7EDFB /* Release */ = {
			isa = XCBuildConfiguration;
			buildSettings = {
				BUNDLE_LOADER = "$(TEST_HOST)";
				INFOPLIST_FILE = MemeMeTests/Info.plist;
				LD_RUNPATH_SEARCH_PATHS = "$(inherited) @executable_path/Frameworks @loader_path/Frameworks";
				PRODUCT_BUNDLE_IDENTIFIER = com.wook2.MemeMeTests;
				PRODUCT_NAME = "$(TARGET_NAME)";
				TEST_HOST = "$(BUILT_PRODUCTS_DIR)/MemeMe.app/MemeMe";
			};
			name = Release;
		};
		D29560061BD51DA300D7EDFB /* Debug */ = {
			isa = XCBuildConfiguration;
			buildSettings = {
				INFOPLIST_FILE = MemeMeUITests/Info.plist;
				LD_RUNPATH_SEARCH_PATHS = "$(inherited) @executable_path/Frameworks @loader_path/Frameworks";
				PRODUCT_BUNDLE_IDENTIFIER = com.wook2.MemeMeUITests;
				PRODUCT_NAME = "$(TARGET_NAME)";
				TEST_TARGET_NAME = MemeMe;
				USES_XCTRUNNER = YES;
			};
			name = Debug;
		};
		D29560071BD51DA300D7EDFB /* Release */ = {
			isa = XCBuildConfiguration;
			buildSettings = {
				INFOPLIST_FILE = MemeMeUITests/Info.plist;
				LD_RUNPATH_SEARCH_PATHS = "$(inherited) @executable_path/Frameworks @loader_path/Frameworks";
				PRODUCT_BUNDLE_IDENTIFIER = com.wook2.MemeMeUITests;
				PRODUCT_NAME = "$(TARGET_NAME)";
				TEST_TARGET_NAME = MemeMe;
				USES_XCTRUNNER = YES;
			};
			name = Release;
		};
/* End XCBuildConfiguration section */

/* Begin XCConfigurationList section */
		D2955FD21BD51DA200D7EDFB /* Build configuration list for PBXProject "MemeMe" */ = {
			isa = XCConfigurationList;
			buildConfigurations = (
				D2955FFD1BD51DA300D7EDFB /* Debug */,
				D2955FFE1BD51DA300D7EDFB /* Release */,
			);
			defaultConfigurationIsVisible = 0;
			defaultConfigurationName = Release;
		};
		D2955FFF1BD51DA300D7EDFB /* Build configuration list for PBXNativeTarget "MemeMe" */ = {
			isa = XCConfigurationList;
			buildConfigurations = (
				D29560001BD51DA300D7EDFB /* Debug */,
				D29560011BD51DA300D7EDFB /* Release */,
			);
			defaultConfigurationIsVisible = 0;
			defaultConfigurationName = Release;
		};
		D29560021BD51DA300D7EDFB /* Build configuration list for PBXNativeTarget "MemeMeTests" */ = {
			isa = XCConfigurationList;
			buildConfigurations = (
				D29560031BD51DA300D7EDFB /* Debug */,
				D29560041BD51DA300D7EDFB /* Release */,
			);
			defaultConfigurationIsVisible = 0;
			defaultConfigurationName = Release;
		};
		D29560051BD51DA300D7EDFB /* Build configuration list for PBXNativeTarget "MemeMeUITests" */ = {
			isa = XCConfigurationList;
			buildConfigurations = (
				D29560061BD51DA300D7EDFB /* Debug */,
				D29560071BD51DA300D7EDFB /* Release */,
			);
			defaultConfigurationIsVisible = 0;
			defaultConfigurationName = Release;
		};
/* End XCConfigurationList section */

/* Begin XCVersionGroup section */
		D297DFB11C37DE38006B8323 /* Model.xcdatamodeld */ = {
			isa = XCVersionGroup;
			children = (
				D297DFB21C37DE38006B8323 /* Model.xcdatamodel */,
			);
			currentVersion = D297DFB21C37DE38006B8323 /* Model.xcdatamodel */;
			path = Model.xcdatamodeld;
			sourceTree = "<group>";
			versionGroupType = wrapper.xcdatamodel;
		};
/* End XCVersionGroup section */
	};
	rootObject = D2955FCF1BD51DA200D7EDFB /* Project object */;
}
